
Microsoft Visual Studio Solution File, Format Version 12.00
# Visual Studio Version 17
VisualStudioVersion = 17.1.32328.378
MinimumVisualStudioVersion = 10.0.40219.1
Project("{FAE04EC0-301F-11D3-BF4B-00C04F79EFBC}") = "PZ8", "PZ8\PZ8.csproj", "{D686CC98-6725-4548-8C6A-E5109534BD0B}"
EndProject
Global
	GlobalSection(SolutionConfigurationPlatforms) = preSolution
		Debug|Any CPU = Debug|Any CPU
		Release|Any CPU = Release|Any CPU
	EndGlobalSection
	GlobalSection(ProjectConfigurationPlatforms) = postSolution
		{D686CC98-6725-4548-8C6A-E5109534BD0B}.Debug|Any CPU.ActiveCfg = Debug|Any CPU
		{D686CC98-6725-4548-8C6A-E5109534BD0B}.Debug|Any CPU.Build.0 = Debug|Any CPU
		{D686CC98-6725-4548-8C6A-E5109534BD0B}.Release|Any CPU.ActiveCfg = Release|Any CPU
		{D686CC98-6725-4548-8C6A-E5109534BD0B}.Release|Any CPU.Build.0 = Release|Any CPU
	EndGlobalSection
	GlobalSection(SolutionProperties) = preSolution
		HideSolutionNode = FALSE
	EndGlobalSection
	GlobalSection(ExtensibilityGlobals) = postSolution
		SolutionGuid = {3F20D0C2-0B8F-442D-A174-DEF91B343742}
	EndGlobalSection
EndGlobal
